
Microsoft Visual Studio Solution File, Format Version 12.00
# Visual Studio Version 17
VisualStudioVersion = 17.7.34018.315
MinimumVisualStudioVersion = 10.0.40219.1
Project("{2150E333-8FDC-42A3-9474-1A3956D46DE8}") = "src", "src", "{4E627E9C-0B1F-4CAB-8044-77BE38571491}"
EndProject
Project("{2150E333-8FDC-42A3-9474-1A3956D46DE8}") = "test", "test", "{F7BEBC2C-BD2C-4BB0-988A-D751374F6B98}"
EndProject
Project("{2150E333-8FDC-42A3-9474-1A3956D46DE8}") = "Core", "Core", "{8CC93F95-198A-4A91-8558-D0104E3A33B2}"
EndProject
Project("{9A19103F-16F7-4668-BE54-9A1E7A4F7556}") = "X.Domain", "X.Domain\X.Domain.csproj", "{0357A50C-1CA0-4B54-A2FD-945D88E4FB95}"
EndProject
Project("{9A19103F-16F7-4668-BE54-9A1E7A4F7556}") = "X.Application", "X.Application\X.Application.csproj", "{82215BE3-B371-4D49-B79E-C139C053C27D}"
EndProject
Project("{2150E333-8FDC-42A3-9474-1A3956D46DE8}") = "API", "API", "{3BF44157-4CEC-4437-B6C5-BF0F66E43022}"
EndProject
Project("{9A19103F-16F7-4668-BE54-9A1E7A4F7556}") = "X.Api", "X.Api\X.Api.csproj", "{9DF22B78-790B-4688-821B-F0753AF8F72F}"
EndProject
Project("{2150E333-8FDC-42A3-9474-1A3956D46DE8}") = "Infrastructure", "Infrastructure", "{49ED99B1-1B14-46E9-85C5-E4CFDAF898CB}"
EndProject
Project("{9A19103F-16F7-4668-BE54-9A1E7A4F7556}") = "X.Persistence", "X.Persistence\X.Persistence.csproj", "{D012129C-EE73-46DE-B78E-93C71D4798B7}"
EndProject
Project("{2150E333-8FDC-42A3-9474-1A3956D46DE8}") = "UI", "UI", "{8445265A-D526-44C8-9D1D-AC949C9D98CB}"
EndProject
Project("{54A90642-561A-4BB1-A94E-469ADEE60C69}") = "x.ui", "X.UI\x.ui.esproj", "{22843B8C-9BC8-41BB-9C82-87E358021BB8}"
EndProject
Global
	GlobalSection(SolutionConfigurationPlatforms) = preSolution
		Debug|Any CPU = Debug|Any CPU
		Release|Any CPU = Release|Any CPU
	EndGlobalSection
	GlobalSection(ProjectConfigurationPlatforms) = postSolution
		{0357A50C-1CA0-4B54-A2FD-945D88E4FB95}.Debug|Any CPU.ActiveCfg = Debug|Any CPU
		{0357A50C-1CA0-4B54-A2FD-945D88E4FB95}.Debug|Any CPU.Build.0 = Debug|Any CPU
		{0357A50C-1CA0-4B54-A2FD-945D88E4FB95}.Release|Any CPU.ActiveCfg = Release|Any CPU
		{0357A50C-1CA0-4B54-A2FD-945D88E4FB95}.Release|Any CPU.Build.0 = Release|Any CPU
		{82215BE3-B371-4D49-B79E-C139C053C27D}.Debug|Any CPU.ActiveCfg = Debug|Any CPU
		{82215BE3-B371-4D49-B79E-C139C053C27D}.Debug|Any CPU.Build.0 = Debug|Any CPU
		{82215BE3-B371-4D49-B79E-C139C053C27D}.Release|Any CPU.ActiveCfg = Release|Any CPU
		{82215BE3-B371-4D49-B79E-C139C053C27D}.Release|Any CPU.Build.0 = Release|Any CPU
		{9DF22B78-790B-4688-821B-F0753AF8F72F}.Debug|Any CPU.ActiveCfg = Debug|Any CPU
		{9DF22B78-790B-4688-821B-F0753AF8F72F}.Debug|Any CPU.Build.0 = Debug|Any CPU
		{9DF22B78-790B-4688-821B-F0753AF8F72F}.Release|Any CPU.ActiveCfg = Release|Any CPU
		{9DF22B78-790B-4688-821B-F0753AF8F72F}.Release|Any CPU.Build.0 = Release|Any CPU
		{D012129C-EE73-46DE-B78E-93C71D4798B7}.Debug|Any CPU.ActiveCfg = Debug|Any CPU
		{D012129C-EE73-46DE-B78E-93C71D4798B7}.Debug|Any CPU.Build.0 = Debug|Any CPU
		{D012129C-EE73-46DE-B78E-93C71D4798B7}.Release|Any CPU.ActiveCfg = Release|Any CPU
		{D012129C-EE73-46DE-B78E-93C71D4798B7}.Release|Any CPU.Build.0 = Release|Any CPU
		{22843B8C-9BC8-41BB-9C82-87E358021BB8}.Debug|Any CPU.ActiveCfg = Debug|Any CPU
		{22843B8C-9BC8-41BB-9C82-87E358021BB8}.Debug|Any CPU.Build.0 = Debug|Any CPU
		{22843B8C-9BC8-41BB-9C82-87E358021BB8}.Debug|Any CPU.Deploy.0 = Debug|Any CPU
		{22843B8C-9BC8-41BB-9C82-87E358021BB8}.Release|Any CPU.ActiveCfg = Release|Any CPU
		{22843B8C-9BC8-41BB-9C82-87E358021BB8}.Release|Any CPU.Build.0 = Release|Any CPU
		{22843B8C-9BC8-41BB-9C82-87E358021BB8}.Release|Any CPU.Deploy.0 = Release|Any CPU
	EndGlobalSection
	GlobalSection(SolutionProperties) = preSolution
		HideSolutionNode = FALSE
	EndGlobalSection
	GlobalSection(NestedProjects) = preSolution
		{8CC93F95-198A-4A91-8558-D0104E3A33B2} = {4E627E9C-0B1F-4CAB-8044-77BE38571491}
		{0357A50C-1CA0-4B54-A2FD-945D88E4FB95} = {8CC93F95-198A-4A91-8558-D0104E3A33B2}
		{82215BE3-B371-4D49-B79E-C139C053C27D} = {8CC93F95-198A-4A91-8558-D0104E3A33B2}
		{3BF44157-4CEC-4437-B6C5-BF0F66E43022} = {4E627E9C-0B1F-4CAB-8044-77BE38571491}
		{9DF22B78-790B-4688-821B-F0753AF8F72F} = {3BF44157-4CEC-4437-B6C5-BF0F66E43022}
		{49ED99B1-1B14-46E9-85C5-E4CFDAF898CB} = {4E627E9C-0B1F-4CAB-8044-77BE38571491}
		{D012129C-EE73-46DE-B78E-93C71D4798B7} = {49ED99B1-1B14-46E9-85C5-E4CFDAF898CB}
		{8445265A-D526-44C8-9D1D-AC949C9D98CB} = {4E627E9C-0B1F-4CAB-8044-77BE38571491}
		{22843B8C-9BC8-41BB-9C82-87E358021BB8} = {8445265A-D526-44C8-9D1D-AC949C9D98CB}
	EndGlobalSection
	GlobalSection(ExtensibilityGlobals) = postSolution
		SolutionGuid = {03CBD431-B91E-4F8B-8FA1-E8129CAD11C3}
	EndGlobalSection
EndGlobal
